
Microsoft Visual Studio Solution File, Format Version 12.00
# Visual Studio Version 17
VisualStudioVersion = 17.7.34031.279
MinimumVisualStudioVersion = 10.0.40219.1
Project("{FAE04EC0-301F-11D3-BF4B-00C04F79EFBC}") = "Sever", "ChatProject\Sever.csproj", "{91638357-C96A-49A7-8E33-E1A33EA5B806}"
EndProject
Project("{FAE04EC0-301F-11D3-BF4B-00C04F79EFBC}") = "Client", "Client\Client.csproj", "{C21AB51A-A522-4696-834A-34DCB34E1308}"
EndProject
Global
	GlobalSection(SolutionConfigurationPlatforms) = preSolution
		Debug|Any CPU = Debug|Any CPU
		Release|Any CPU = Release|Any CPU
	EndGlobalSection
	GlobalSection(ProjectConfigurationPlatforms) = postSolution
		{91638357-C96A-49A7-8E33-E1A33EA5B806}.Debug|Any CPU.ActiveCfg = Debug|Any CPU
		{91638357-C96A-49A7-8E33-E1A33EA5B806}.Debug|Any CPU.Build.0 = Debug|Any CPU
		{91638357-C96A-49A7-8E33-E1A33EA5B806}.Release|Any CPU.ActiveCfg = Release|Any CPU
		{91638357-C96A-49A7-8E33-E1A33EA5B806}.Release|Any CPU.Build.0 = Release|Any CPU
		{C21AB51A-A522-4696-834A-34DCB34E1308}.Debug|Any CPU.ActiveCfg = Debug|Any CPU
		{C21AB51A-A522-4696-834A-34DCB34E1308}.Debug|Any CPU.Build.0 = Debug|Any CPU
		{C21AB51A-A522-4696-834A-34DCB34E1308}.Release|Any CPU.ActiveCfg = Release|Any CPU
		{C21AB51A-A522-4696-834A-34DCB34E1308}.Release|Any CPU.Build.0 = Release|Any CPU
	EndGlobalSection
	GlobalSection(SolutionProperties) = preSolution
		HideSolutionNode = FALSE
	EndGlobalSection
	GlobalSection(ExtensibilityGlobals) = postSolution
		SolutionGuid = {399BD5D8-6762-4D4E-A3DC-7E825C6870E8}
	EndGlobalSection
EndGlobal
